
Microsoft Visual Studio Solution File, Format Version 12.00
# Visual Studio Version 17
VisualStudioVersion = 17.8.34511.84
MinimumVisualStudioVersion = 10.0.40219.1
Project("{FAE04EC0-301F-11D3-BF4B-00C04F79EFBC}") = "MMTransportTask", "MMTransportTask\MMTransportTask.csproj", "{EEA96DFC-2916-4004-84F6-6F53BC9476F3}"
EndProject
Global
	GlobalSection(SolutionConfigurationPlatforms) = preSolution
		Debug|Any CPU = Debug|Any CPU
		Release|Any CPU = Release|Any CPU
	EndGlobalSection
	GlobalSection(ProjectConfigurationPlatforms) = postSolution
		{EEA96DFC-2916-4004-84F6-6F53BC9476F3}.Debug|Any CPU.ActiveCfg = Debug|Any CPU
		{EEA96DFC-2916-4004-84F6-6F53BC9476F3}.Debug|Any CPU.Build.0 = Debug|Any CPU
		{EEA96DFC-2916-4004-84F6-6F53BC9476F3}.Release|Any CPU.ActiveCfg = Release|Any CPU
		{EEA96DFC-2916-4004-84F6-6F53BC9476F3}.Release|Any CPU.Build.0 = Release|Any CPU
	EndGlobalSection
	GlobalSection(SolutionProperties) = preSolution
		HideSolutionNode = FALSE
	EndGlobalSection
	GlobalSection(ExtensibilityGlobals) = postSolution
		SolutionGuid = {E47FBC7D-98A2-4EB0-9F55-C3A85AAC02E4}
	EndGlobalSection
EndGlobal
